
Microsoft Visual Studio Solution File, Format Version 12.00
# Visual Studio Version 17
VisualStudioVersion = 17.9.34622.214
MinimumVisualStudioVersion = 10.0.40219.1
Project("{FAE04EC0-301F-11D3-BF4B-00C04F79EFBC}") = "RAisoV2", "RAisoV2\RAisoV2.csproj", "{E87AF26B-9929-4593-ACBE-A462F18BFF2A}"
EndProject
Global
	GlobalSection(SolutionConfigurationPlatforms) = preSolution
		Debug|Any CPU = Debug|Any CPU
		Release|Any CPU = Release|Any CPU
	EndGlobalSection
	GlobalSection(ProjectConfigurationPlatforms) = postSolution
		{E87AF26B-9929-4593-ACBE-A462F18BFF2A}.Debug|Any CPU.ActiveCfg = Debug|Any CPU
		{E87AF26B-9929-4593-ACBE-A462F18BFF2A}.Debug|Any CPU.Build.0 = Debug|Any CPU
		{E87AF26B-9929-4593-ACBE-A462F18BFF2A}.Release|Any CPU.ActiveCfg = Release|Any CPU
		{E87AF26B-9929-4593-ACBE-A462F18BFF2A}.Release|Any CPU.Build.0 = Release|Any CPU
	EndGlobalSection
	GlobalSection(SolutionProperties) = preSolution
		HideSolutionNode = FALSE
	EndGlobalSection
	GlobalSection(ExtensibilityGlobals) = postSolution
		SolutionGuid = {54B10C71-8AB3-490D-9657-033EC0319D08}
	EndGlobalSection
EndGlobal
